
Microsoft Visual Studio Solution File, Format Version 12.00
# Visual Studio Version 16
VisualStudioVersion = 16.0.28729.10
MinimumVisualStudioVersion = 10.0.40219.1
Project("{9A19103F-16F7-4668-BE54-9A1E7A4F7556}") = "FsAzureStorage", "FsAzureStorage\FsAzureStorage.csproj", "{4C147356-402D-4736-AD06-E6493875A830}"
EndProject
Project("{2150E333-8FDC-42A3-9474-1A3956D46DE8}") = "Solution Items", "Solution Items", "{6A3137D0-160E-41CA-8B09-7E82D59EC05B}"
	ProjectSection(SolutionItems) = preProject
		.editorconfig = .editorconfig
		Directory.Build.props = Directory.Build.props
		README.md = README.md
	EndProjectSection
EndProject
Project("{9A19103F-16F7-4668-BE54-9A1E7A4F7556}") = "FsAzureStorage.Test", "FsAzureStorage.Test\FsAzureStorage.Test.csproj", "{1FA33CB5-5E1A-4D03-9951-7B93947A7570}"
EndProject
Global
	GlobalSection(SolutionConfigurationPlatforms) = preSolution
		Debug|Any CPU = Debug|Any CPU
		Debug|Mixed Platforms = Debug|Mixed Platforms
		Debug|x86 = Debug|x86
		Release|Any CPU = Release|Any CPU
		Release|Mixed Platforms = Release|Mixed Platforms
		Release|x86 = Release|x86
	EndGlobalSection
	GlobalSection(ProjectConfigurationPlatforms) = postSolution
		{4C147356-402D-4736-AD06-E6493875A830}.Debug|Any CPU.ActiveCfg = Debug|Any CPU
		{4C147356-402D-4736-AD06-E6493875A830}.Debug|Any CPU.Build.0 = Debug|Any CPU
		{4C147356-402D-4736-AD06-E6493875A830}.Debug|Mixed Platforms.ActiveCfg = Debug|Any CPU
		{4C147356-402D-4736-AD06-E6493875A830}.Debug|Mixed Platforms.Build.0 = Debug|Any CPU
		{4C147356-402D-4736-AD06-E6493875A830}.Debug|x86.ActiveCfg = Debug|Any CPU
		{4C147356-402D-4736-AD06-E6493875A830}.Debug|x86.Build.0 = Debug|Any CPU
		{4C147356-402D-4736-AD06-E6493875A830}.Release|Any CPU.ActiveCfg = Release|Any CPU
		{4C147356-402D-4736-AD06-E6493875A830}.Release|Any CPU.Build.0 = Release|Any CPU
		{4C147356-402D-4736-AD06-E6493875A830}.Release|Mixed Platforms.ActiveCfg = Release|Any CPU
		{4C147356-402D-4736-AD06-E6493875A830}.Release|Mixed Platforms.Build.0 = Release|Any CPU
		{4C147356-402D-4736-AD06-E6493875A830}.Release|x86.ActiveCfg = Release|Any CPU
		{4C147356-402D-4736-AD06-E6493875A830}.Release|x86.Build.0 = Release|Any CPU
		{1FA33CB5-5E1A-4D03-9951-7B93947A7570}.Debug|Any CPU.ActiveCfg = Debug|Any CPU
		{1FA33CB5-5E1A-4D03-9951-7B93947A7570}.Debug|Any CPU.Build.0 = Debug|Any CPU
		{1FA33CB5-5E1A-4D03-9951-7B93947A7570}.Debug|Mixed Platforms.ActiveCfg = Debug|Any CPU
		{1FA33CB5-5E1A-4D03-9951-7B93947A7570}.Debug|Mixed Platforms.Build.0 = Debug|Any CPU
		{1FA33CB5-5E1A-4D03-9951-7B93947A7570}.Debug|x86.ActiveCfg = Debug|Any CPU
		{1FA33CB5-5E1A-4D03-9951-7B93947A7570}.Debug|x86.Build.0 = Debug|Any CPU
		{1FA33CB5-5E1A-4D03-9951-7B93947A7570}.Release|Any CPU.ActiveCfg = Release|Any CPU
		{1FA33CB5-5E1A-4D03-9951-7B93947A7570}.Release|Any CPU.Build.0 = Release|Any CPU
		{1FA33CB5-5E1A-4D03-9951-7B93947A7570}.Release|Mixed Platforms.ActiveCfg = Release|Any CPU
		{1FA33CB5-5E1A-4D03-9951-7B93947A7570}.Release|Mixed Platforms.Build.0 = Release|Any CPU
		{1FA33CB5-5E1A-4D03-9951-7B93947A7570}.Release|x86.ActiveCfg = Release|Any CPU
		{1FA33CB5-5E1A-4D03-9951-7B93947A7570}.Release|x86.Build.0 = Release|Any CPU
	EndGlobalSection
	GlobalSection(SolutionProperties) = preSolution
		HideSolutionNode = FALSE
	EndGlobalSection
	GlobalSection(ExtensibilityGlobals) = postSolution
		SolutionGuid = {6EF0D11D-68CE-4427-A295-CFD001EF25CF}
	EndGlobalSection
EndGlobal
